
Microsoft Visual Studio Solution File, Format Version 12.00
# Visual Studio 15
VisualStudioVersion = 15.0.27130.2036
MinimumVisualStudioVersion = 10.0.40219.1
Project("{FAE04EC0-301F-11D3-BF4B-00C04F79EFBC}") = "tpDevOps", "tpDevOps\tpDevOps.csproj", "{C7811E10-2362-40AC-8B0A-FA9785F82732}"
EndProject
Global
	GlobalSection(SolutionConfigurationPlatforms) = preSolution
		Debug|Any CPU = Debug|Any CPU
		Release|Any CPU = Release|Any CPU
	EndGlobalSection
	GlobalSection(ProjectConfigurationPlatforms) = postSolution
		{C7811E10-2362-40AC-8B0A-FA9785F82732}.Debug|Any CPU.ActiveCfg = Debug|Any CPU
		{C7811E10-2362-40AC-8B0A-FA9785F82732}.Debug|Any CPU.Build.0 = Debug|Any CPU
		{C7811E10-2362-40AC-8B0A-FA9785F82732}.Release|Any CPU.ActiveCfg = Release|Any CPU
		{C7811E10-2362-40AC-8B0A-FA9785F82732}.Release|Any CPU.Build.0 = Release|Any CPU
	EndGlobalSection
	GlobalSection(SolutionProperties) = preSolution
		HideSolutionNode = FALSE
	EndGlobalSection
	GlobalSection(ExtensibilityGlobals) = postSolution
		SolutionGuid = {B384EAA0-B325-482A-81F6-6ECF4B54ABFA}
	EndGlobalSection
EndGlobal
